
Microsoft Visual Studio Solution File, Format Version 12.00
# Visual Studio Version 17
VisualStudioVersion = 17.6.33829.357
MinimumVisualStudioVersion = 10.0.40219.1
Project("{2150E333-8FDC-42A3-9474-1A3956D46DE8}") = "CoreServices", "CoreServices", "{B22AD90C-B4C7-4BC3-BDC9-CDC77EEA3F2B}"
EndProject
Project("{2150E333-8FDC-42A3-9474-1A3956D46DE8}") = "Common", "Common", "{00AC8B26-25FC-426F-8F27-1BE9061A886F}"
EndProject
Project("{2150E333-8FDC-42A3-9474-1A3956D46DE8}") = "BankManagement", "BankManagement", "{E2267D45-2BBC-401D-8188-402BC99AE67B}"
EndProject
Project("{2150E333-8FDC-42A3-9474-1A3956D46DE8}") = "CustomerManagement", "CustomerManagement", "{74F84B3A-674A-49AF-9013-BF08DC42CF48}"
EndProject
Project("{2150E333-8FDC-42A3-9474-1A3956D46DE8}") = "InterestManagement", "InterestManagement", "{5EED45C5-7342-4582-AB36-118DE923D695}"
EndProject
Project("{2150E333-8FDC-42A3-9474-1A3956D46DE8}") = "LoanManagement", "LoanManagement", "{43AC2D64-480D-4A22-915B-60E10527E41B}"
EndProject
Project("{2150E333-8FDC-42A3-9474-1A3956D46DE8}") = "NotificationAndCommunication", "NotificationAndCommunication", "{B973D187-9F57-4335-A948-4FD6D1F8E39A}"
EndProject
Project("{2150E333-8FDC-42A3-9474-1A3956D46DE8}") = "ReportingManagement", "ReportingManagement", "{9490F322-772D-428F-8684-40FC2B8E33EB}"
EndProject
Project("{2150E333-8FDC-42A3-9474-1A3956D46DE8}") = "TransactionManagement", "TransactionManagement", "{D9FFC8A4-E435-4BA9-8917-AC2049370794}"
EndProject
Project("{9A19103F-16F7-4668-BE54-9A1E7A4F7556}") = "CBS.APICaller.Helper", "Common\APICallerHelper\CBS.APICaller.Helper\CBS.APICaller.Helper.csproj", "{AC2C86AA-FB1B-4C8A-A9FE-6FDC79D12A9A}"
EndProject
Project("{2150E333-8FDC-42A3-9474-1A3956D46DE8}") = "APICallerHelper", "APICallerHelper", "{2D700DF0-4817-49D7-8281-61C6D1392887}"
EndProject
Project("{2150E333-8FDC-42A3-9474-1A3956D46DE8}") = "CustomerLoggerHelper", "CustomerLoggerHelper", "{23B271D9-7E7E-49AC-A250-6EE69FD58716}"
EndProject
Project("{9A19103F-16F7-4668-BE54-9A1E7A4F7556}") = "CBS.CustomLog.Logger", "Common\CustomerLoggerHelper\CBS.CustomLog.Logger\CBS.CustomLog.Logger.csproj", "{29413AEF-997B-47AD-95FC-D96BEB4BE775}"
EndProject
Project("{2150E333-8FDC-42A3-9474-1A3956D46DE8}") = "CommunicationManagement", "CommunicationManagement", "{3A444281-6117-4639-A5CA-7B0C56119F21}"
EndProject
Project("{9A19103F-16F7-4668-BE54-9A1E7A4F7556}") = "CBS.BankMGT.API", "CoreServices\BankManagement\CBS.BankMGT.API\CBS.BankMGT.API.csproj", "{0C09B89F-9628-4507-B859-C663C8BF9BAA}"
EndProject
Project("{9A19103F-16F7-4668-BE54-9A1E7A4F7556}") = "CBS.BankMGT.Common", "CoreServices\BankManagement\CBS.BankMGT.Common\CBS.BankMGT.Common.csproj", "{046F34B2-4674-413C-968E-A4113060B22C}"
EndProject
Project("{9A19103F-16F7-4668-BE54-9A1E7A4F7556}") = "CBS.BankMGT.Data", "CoreServices\BankManagement\CBS.BankMGT.Data\CBS.BankMGT.Data.csproj", "{C0863E3B-BB48-4541-A055-F1203F933963}"
EndProject
Project("{9A19103F-16F7-4668-BE54-9A1E7A4F7556}") = "CBS.BankMGT.Domain", "CoreServices\BankManagement\CBS.BankMGT.Domain\CBS.BankMGT.Domain.csproj", "{65EBDD66-E646-4BB6-A1CE-9E80F0857C94}"
EndProject
Project("{9A19103F-16F7-4668-BE54-9A1E7A4F7556}") = "CBS.BankMGT.Helper", "CoreServices\BankManagement\CBS.BankMGT.Helper\CBS.BankMGT.Helper.csproj", "{7423221F-5684-46A7-A21B-5C2E44FB35E6}"
EndProject
Project("{9A19103F-16F7-4668-BE54-9A1E7A4F7556}") = "CBS.BankMGT.MediatR", "CoreServices\BankManagement\CBS.BankMGT.MediatR\CBS.BankMGT.MediatR.csproj", "{9C2B5F48-5E6B-46E4-943A-4FCAA6506E89}"
EndProject
Project("{9A19103F-16F7-4668-BE54-9A1E7A4F7556}") = "CBS.BankMGT.Repository", "CoreServices\BankManagement\CBS.BankMGT.Repository\CBS.BankMGT.Repository.csproj", "{7EC43A3A-B472-4680-A751-46E16F36B837}"
EndProject
Project("{9A19103F-16F7-4668-BE54-9A1E7A4F7556}") = "CBS.TransactionManagement.API", "CoreServices\TransactionManagement\CBS.TransactionManagement.API\CBS.TransactionManagement.API.csproj", "{3DAEF717-86EC-42B3-BA80-EC70C3ED2CAB}"
EndProject
Project("{9A19103F-16F7-4668-BE54-9A1E7A4F7556}") = "CBS.TransactionManagement.Common", "CoreServices\TransactionManagement\CBS.TransactionManagement.Common\CBS.TransactionManagement.Common.csproj", "{A4D8DDD9-5650-47FC-AEB1-F30681C061A9}"
EndProject
Project("{9A19103F-16F7-4668-BE54-9A1E7A4F7556}") = "CBS.TransactionManagement.Data", "CoreServices\TransactionManagement\CBS.TransactionManagement.Data\CBS.TransactionManagement.Data.csproj", "{F12C36B1-6371-4A01-8A98-17A381E9E819}"
EndProject
Project("{9A19103F-16F7-4668-BE54-9A1E7A4F7556}") = "CBS.TransactionManagement.Domain", "CoreServices\TransactionManagement\CBS.TransactionManagement.Domain\CBS.TransactionManagement.Domain.csproj", "{8061A527-F255-4774-BB65-919AD52C3FE5}"
EndProject
Project("{9A19103F-16F7-4668-BE54-9A1E7A4F7556}") = "CBS.TransactionManagement.Helper", "CoreServices\TransactionManagement\CBS.TransactionManagement.Helper\CBS.TransactionManagement.Helper.csproj", "{90562DD7-DE50-44BE-A424-F82D8E12661E}"
EndProject
Project("{9A19103F-16F7-4668-BE54-9A1E7A4F7556}") = "CBS.TransactionManagement.Repository", "CoreServices\TransactionManagement\CBS.TransactionManagement.Repository\CBS.TransactionManagement.Repository.csproj", "{0F5D0420-E61C-41EC-BCCF-0A7395CEDBDB}"
EndProject
Project("{9A19103F-16F7-4668-BE54-9A1E7A4F7556}") = "CBS.NLoan.API", "CoreServices\LoanManagement\CBS.Loan.API\CBS.NLoan.API.csproj", "{5478953F-177B-45DA-B2DC-27B02BFC93E6}"
EndProject
Project("{9A19103F-16F7-4668-BE54-9A1E7A4F7556}") = "CBS.NLoan.Common", "CoreServices\LoanManagement\CBS.Loan.Common\CBS.NLoan.Common.csproj", "{B02B6713-456B-4A8C-A8BD-BADA4F3EF17E}"
EndProject
Project("{9A19103F-16F7-4668-BE54-9A1E7A4F7556}") = "CBS.NLoan.Data", "CoreServices\LoanManagement\CBS.Loan.Data\CBS.NLoan.Data.csproj", "{CDBBF7F4-D885-4FF6-9051-D3F9FB305331}"
EndProject
Project("{9A19103F-16F7-4668-BE54-9A1E7A4F7556}") = "CBS.NLoan.Domain", "CoreServices\LoanManagement\CBS.Loan.Domain\CBS.NLoan.Domain.csproj", "{51CB89BF-3669-4C7B-BA91-51F1F56F1153}"
EndProject
Project("{9A19103F-16F7-4668-BE54-9A1E7A4F7556}") = "CBS.NLoan.Helper", "CoreServices\LoanManagement\CBS.Loan.Helper\CBS.NLoan.Helper.csproj", "{61BE519F-47EA-4305-9FDD-CAF44E2B7455}"
EndProject
Project("{9A19103F-16F7-4668-BE54-9A1E7A4F7556}") = "CBS.NLoan.MediatR", "CoreServices\LoanManagement\CBS.Loan.MediatR\CBS.NLoan.MediatR.csproj", "{84385AB0-CFED-4680-923F-0B6962AEC8F6}"
EndProject
Project("{9A19103F-16F7-4668-BE54-9A1E7A4F7556}") = "CBS.NLoan.Repository", "CoreServices\LoanManagement\CBS.Loan.Repository\CBS.NLoan.Repository.csproj", "{2F1A8626-3B80-4E87-9E1C-6F06B0A91E15}"
EndProject
Project("{9A19103F-16F7-4668-BE54-9A1E7A4F7556}") = "CBS.CUSTOMER.API", "CoreServices\CustomerManagement\CBS.CUSTOMER.API\CBS.CUSTOMER.API.csproj", "{C4F11017-7412-445A-B244-0E904D06AEB6}"
EndProject
Project("{9A19103F-16F7-4668-BE54-9A1E7A4F7556}") = "CBS.CUSTOMER.COMMON", "CoreServices\CustomerManagement\CBS.CUSTOMER.COMMON\CBS.CUSTOMER.COMMON.csproj", "{54C98E4B-A1CE-433B-8C60-C0BB323B23D2}"
EndProject
Project("{9A19103F-16F7-4668-BE54-9A1E7A4F7556}") = "CBS.CUSTOMER.DATA", "CoreServices\CustomerManagement\CBS.CUSTOMER.DATA\CBS.CUSTOMER.DATA.csproj", "{0F4B9696-A55F-428D-8923-833DC5769F47}"
EndProject
Project("{9A19103F-16F7-4668-BE54-9A1E7A4F7556}") = "CBS.CUSTOMER.DOMAIN", "CoreServices\CustomerManagement\CBS.CUSTOMER.DOMAIN\CBS.CUSTOMER.DOMAIN.csproj", "{37A4682C-212D-4C94-97DB-22D7833D5806}"
EndProject
Project("{9A19103F-16F7-4668-BE54-9A1E7A4F7556}") = "CBS.CUSTOMER.HELPER", "CoreServices\CustomerManagement\CBS.CUSTOMER.HELPER\CBS.CUSTOMER.HELPER.csproj", "{76A7DEDA-C1D2-4761-AF2A-F4C97269E3BB}"
EndProject
Project("{9A19103F-16F7-4668-BE54-9A1E7A4F7556}") = "CBS.CUSTOMER.MEDIATR", "CoreServices\CustomerManagement\CBS.CUSTOMER.MEDIATR\CBS.CUSTOMER.MEDIATR.csproj", "{E1F92111-4BA2-403E-B721-E8FE25FD99E2}"
EndProject
Project("{9A19103F-16F7-4668-BE54-9A1E7A4F7556}") = "CBS.CUSTOMER.REPOSITORY", "CoreServices\CustomerManagement\CBS.CUSTOMER.REPOSITORY\CBS.CUSTOMER.REPOSITORY.csproj", "{81C593FB-6222-4376-AA1C-EEE7226DE8CF}"
EndProject
Project("{9A19103F-16F7-4668-BE54-9A1E7A4F7556}") = "CBS.Communication.API", "CoreServices\CommunicationManagement\CBS.Communication.API\CBS.Communication.API.csproj", "{AD71B8D7-0E02-4B02-ADBD-BCE44C86AB3B}"
EndProject
Project("{9A19103F-16F7-4668-BE54-9A1E7A4F7556}") = "CBS.Communication.Common", "CoreServices\CommunicationManagement\CBS.Communication.Common\CBS.Communication.Common.csproj", "{153B2764-5FC1-44BD-B2FE-069E5FE808E2}"
EndProject
Project("{9A19103F-16F7-4668-BE54-9A1E7A4F7556}") = "CBS.Communication.Data", "CoreServices\CommunicationManagement\CBS.Communication.Data\CBS.Communication.Data.csproj", "{AB705FD5-6D01-4940-BCAE-C91FD6E5C26C}"
EndProject
Project("{9A19103F-16F7-4668-BE54-9A1E7A4F7556}") = "CBS.Communication.Domain", "CoreServices\CommunicationManagement\CBS.Communication.Domain\CBS.Communication.Domain.csproj", "{36343342-DC46-44B7-9E75-C38148252829}"
EndProject
Project("{9A19103F-16F7-4668-BE54-9A1E7A4F7556}") = "CBS.Communication.Helper", "CoreServices\CommunicationManagement\CBS.Communication.Helper\CBS.Communication.Helper.csproj", "{C656933E-1DF0-4C62-A9FB-E971B8E20E89}"
EndProject
Project("{9A19103F-16F7-4668-BE54-9A1E7A4F7556}") = "CBS.Communication.MediatR", "CoreServices\CommunicationManagement\CBS.Communication.MediatR\CBS.Communication.MediatR.csproj", "{714E5790-77A9-407B-8A7C-E43686EC84BF}"
EndProject
Project("{9A19103F-16F7-4668-BE54-9A1E7A4F7556}") = "CBS.Communication.Repository", "CoreServices\CommunicationManagement\CBS.Communication.Repository\CBS.Communication.Repository.csproj", "{3464D3A2-CC05-43BB-B1F8-09EC5D61CDE9}"
EndProject
Project("{2150E333-8FDC-42A3-9474-1A3956D46DE8}") = "ApiGateway", "ApiGateway", "{BB11568A-F065-4294-ACA2-E17CD8D268C5}"
EndProject
Project("{2150E333-8FDC-42A3-9474-1A3956D46DE8}") = "Public", "Public", "{466FE188-9A67-41F3-A652-12933884C1BF}"
EndProject
Project("{9A19103F-16F7-4668-BE54-9A1E7A4F7556}") = "CBS.Gateway.API", "ApiGateway\Public\CBS.Gateway.API.csproj", "{118D9E15-6451-45CC-AEA2-AA90D74203E1}"
EndProject
Project("{2150E333-8FDC-42A3-9474-1A3956D46DE8}") = "ServiceDiscovery", "ServiceDiscovery", "{0A62080D-6393-4DA4-BA66-2DEC8D9C1BD5}"
EndProject
Project("{9A19103F-16F7-4668-BE54-9A1E7A4F7556}") = "CBS.ServicesDelivery.Service", "Common\ServiceDiscovery\CBS.ServicesDelivery.Service\CBS.ServicesDelivery.Service.csproj", "{7F4F4CAF-F061-4D7D-A376-7E3554E2ED4F}"
EndProject
Project("{2150E333-8FDC-42A3-9474-1A3956D46DE8}") = "AccountManagement", "AccountManagement", "{ED0C4BD0-3D0D-46EA-8ED7-7508026769A6}"
EndProject
Project("{9A19103F-16F7-4668-BE54-9A1E7A4F7556}") = "CBS.AccountManagement.API", "CoreServices\AccountManagement\CBS.AccountManagement.API\CBS.AccountManagement.API.csproj", "{ED31E3FA-30C1-4BA0-B808-3A0289EFF790}"
EndProject
Project("{9A19103F-16F7-4668-BE54-9A1E7A4F7556}") = "CBS.AccountManagement.Common", "CoreServices\AccountManagement\CBS.AccountManagement.Common\CBS.AccountManagement.Common.csproj", "{639AE684-19D4-4CBB-A3A7-632CC93469F1}"
EndProject
Project("{9A19103F-16F7-4668-BE54-9A1E7A4F7556}") = "CBS.AccountManagement.Data", "CoreServices\AccountManagement\CBS.AccountManagement.Data\CBS.AccountManagement.Data.csproj", "{DF285A31-ECE9-4378-8BCB-9169547D4A28}"
EndProject
Project("{9A19103F-16F7-4668-BE54-9A1E7A4F7556}") = "CBS.AccountManagement.Helper", "CoreServices\AccountManagement\CBS.AccountManagement.Helper\CBS.AccountManagement.Helper.csproj", "{C74806CC-B158-4692-A4BB-F025CFEC998A}"
EndProject
Project("{9A19103F-16F7-4668-BE54-9A1E7A4F7556}") = "CBS.AccountManagement.MediatR", "CoreServices\AccountManagement\CBS.AccountManagement.MediatR\CBS.AccountManagement.MediatR.csproj", "{E9FA5804-A91C-4323-8CEE-796924D3C426}"
EndProject
Project("{9A19103F-16F7-4668-BE54-9A1E7A4F7556}") = "CBS.AccountManagement.Repository", "CoreServices\AccountManagement\CBS.AccountManagement.Repository\CBS.AccountManagement.Repository.csproj", "{7D8A7327-AA19-48F8-A278-DA8A6DDA5A5E}"
EndProject
Project("{9A19103F-16F7-4668-BE54-9A1E7A4F7556}") = "CBS.Gateway.DataContext", "ApiGateway\Database\CBS.DataContex\CBS.DataContext\CBS.Gateway.DataContext.csproj", "{5837FE82-1104-470E-8605-492CCF4A9BF9}"
EndProject
Project("{2150E333-8FDC-42A3-9474-1A3956D46DE8}") = "FixedAssetsManagement", "FixedAssetsManagement", "{8A1987D5-3EAB-4DF5-BF6B-68F6209FCD68}"
EndProject
Project("{9A19103F-16F7-4668-BE54-9A1E7A4F7556}") = "CBS.FixedAssetsManagement.API", "CoreServices\FixedAssetsManagement\CBS.FixedAssetsManagement.API\CBS.FixedAssetsManagement.API.csproj", "{84763DF0-983A-44DD-863F-3BBB0B19478E}"
EndProject
Project("{9A19103F-16F7-4668-BE54-9A1E7A4F7556}") = "CBS.FixedAssetsManagement.Data", "CoreServices\FixedAssetsManagement\CBS.FixedAssetsManagement.Data\CBS.FixedAssetsManagement.Data.csproj", "{D3B0D6A8-1CB0-4648-AE0B-9B707DEDF01B}"
EndProject
Project("{9A19103F-16F7-4668-BE54-9A1E7A4F7556}") = "CBS.FixedAssetsManagement.Domain", "CoreServices\FixedAssetsManagement\CBS.FixedAssetsManagement.Domain\CBS.FixedAssetsManagement.Domain.csproj", "{06726B34-5953-42E7-9120-DBCACCE4B8FC}"
EndProject
Project("{9A19103F-16F7-4668-BE54-9A1E7A4F7556}") = "CBS.FixedAssetsManagement.MediatR", "CoreServices\FixedAssetsManagement\CBS.FixedAssetsManagement.MediatR\CBS.FixedAssetsManagement.MediatR.csproj", "{E9D085B9-F3DD-46E1-82D5-38A4BB476471}"
EndProject
Project("{9A19103F-16F7-4668-BE54-9A1E7A4F7556}") = "CBS.FixedAssetsManagement.Common", "CoreServices\FixedAssetsManagement\CBS.FixedAssetsManagement.Common\CBS.FixedAssetsManagement.Common.csproj", "{8D7D05CC-586B-447B-978A-B268C615BA68}"
EndProject
Project("{2150E333-8FDC-42A3-9474-1A3956D46DE8}") = "BudgetMangement", "BudgetMangement", "{D04E8FAF-3C8D-4E3F-88C4-9279D5DDA4FC}"
EndProject
Project("{9A19103F-16F7-4668-BE54-9A1E7A4F7556}") = "CBS.BudgetManagement.API", "CoreServices\BudgetManagement\CBS.BudgetManagement.API\CBS.BudgetManagement.API.csproj", "{9BAA09E0-91BC-4181-A143-319D969290DD}"
EndProject
Project("{9A19103F-16F7-4668-BE54-9A1E7A4F7556}") = "CBS.BudgetManagement.Data", "CoreServices\BudgetManagement\CBS.BudgetManagement.Data\CBS.BudgetManagement.Data.csproj", "{0C79D060-E08D-4099-91B9-100930D5E7FB}"
EndProject
Project("{9A19103F-16F7-4668-BE54-9A1E7A4F7556}") = "CBS.BudgetManagement.Domain", "CoreServices\BudgetManagement\CBS.BudgetManagement.Domain\CBS.BudgetManagement.Domain.csproj", "{8709C837-3742-4CE6-B97A-789CF4C2B5EB}"
EndProject
Project("{9A19103F-16F7-4668-BE54-9A1E7A4F7556}") = "CBS.BudgetManagement.Common", "CoreServices\BudgetManagement\CBS.BudgetManagement.Common\CBS.BudgetManagement.Common.csproj", "{1B430B0B-BEA4-4EED-8CF2-7EF8D18470EF}"
EndProject
Project("{9A19103F-16F7-4668-BE54-9A1E7A4F7556}") = "CBS.BudgetManagement.Helper", "CoreServices\BudgetManagement\CBS.BudgetManagement.Helper\CBS.BudgetManagement.Helper.csproj", "{79ED697C-BE61-4EBD-9BF7-4B3485B3CBC6}"
EndProject
Project("{9A19103F-16F7-4668-BE54-9A1E7A4F7556}") = "CBS.BudgetManagement.MediatR", "CoreServices\BudgetManagement\CBS.BudgetManagement.MediatR\CBS.BudgetManagement.MediatR.csproj", "{F87685F7-CCD1-406C-BC39-8AF196B10E96}"
EndProject
Project("{2150E333-8FDC-42A3-9474-1A3956D46DE8}") = "SystemConfiguration", "SystemConfiguration", "{9C51B656-14A3-4172-93AE-29723113A0B9}"
EndProject
Project("{FAE04EC0-301F-11D3-BF4B-00C04F79EFBC}") = "CBS.SystemConfiguration.API", "CoreServices\SystemConfiguration\CBS.SystemConfiguration.API\CBS.SystemConfiguration.API\CBS.SystemConfiguration.API.csproj", "{C508CFF1-C151-4699-9152-1B9DA7F2B3AE}"
EndProject
Project("{FAE04EC0-301F-11D3-BF4B-00C04F79EFBC}") = "CBS.SystemConfiguration.Common", "CoreServices\SystemConfiguration\CBS.SystemConfiguration.Common\CBS.SystemConfiguration.Common.csproj", "{EB2E9508-CE12-4D8F-A488-F71B028F7EBA}"
EndProject
Project("{FAE04EC0-301F-11D3-BF4B-00C04F79EFBC}") = "CBS.SystemConfiguration.Data", "CoreServices\SystemConfiguration\CBS.SystemConfiguration.Data\CBS.SystemConfiguration.Data.csproj", "{A2867DCF-4366-48B4-873F-0466282AB5EF}"
EndProject
Project("{FAE04EC0-301F-11D3-BF4B-00C04F79EFBC}") = "CBS.SystemConfiguration.Domain", "CoreServices\SystemConfiguration\CBS.SystemConfiguration.Domain\CBS.SystemConfiguration.Domain.csproj", "{A00C3691-0685-4C9E-840A-9AD6DADD0BC1}"
EndProject
Project("{FAE04EC0-301F-11D3-BF4B-00C04F79EFBC}") = "CBS.SystemConfiguration.Helper", "CoreServices\SystemConfiguration\CBS.SystemConfiguration.Helper\CBS.SystemConfiguration.Helper.csproj", "{A142F6A1-0144-4813-8B7A-31F69F527F7F}"
EndProject
Project("{FAE04EC0-301F-11D3-BF4B-00C04F79EFBC}") = "CBS.SystemConfiguration.MediatR", "CoreServices\SystemConfiguration\CBS.SystemConfiguration.MediatR\CBS.SystemConfiguration.MediatR.csproj", "{D03185C7-60BB-4581-9263-541D64964997}"
EndProject
Project("{FAE04EC0-301F-11D3-BF4B-00C04F79EFBC}") = "CBS.SystemConfiguration.Repository", "CoreServices\SystemConfiguration\CBS.SystemConfiguration.Repository\CBS.SystemConfiguration.Repository.csproj", "{EB1469E0-3A8E-4FBF-BA6D-EBF7FB6E0C6F}"
EndProject
Project("{FAE04EC0-301F-11D3-BF4B-00C04F79EFBC}") = "CBS.FixedAssetsManagement.Repository", "CoreServices\FixedAssetsManagement\CBS.FixedAssetsManagement.Repository\CBS.FixedAssetsManagement.Repository.csproj", "{50DBCDBE-9FB0-4AEC-B867-6C9E49074778}"
EndProject
Project("{FAE04EC0-301F-11D3-BF4B-00C04F79EFBC}") = "CBS.FixedAssetsManagement.Helper", "CoreServices\FixedAssetsManagement\CBS.FixedAssetsManagement.Helper\CBS.FixedAssetsManagement.Helper.csproj", "{50E0B297-2EDB-4A66-8F1C-A6E74513DA89}"
EndProject
Project("{FAE04EC0-301F-11D3-BF4B-00C04F79EFBC}") = "CBS.BudgetManagement.Repository", "CoreServices\BudgetManagement\CBS.BudgetManagement.Repository\CBS.BudgetManagement.Repository.csproj", "{86A1D5C0-E263-45D6-8FFB-6FEBC8A39D06}"
EndProject
Project("{FAE04EC0-301F-11D3-BF4B-00C04F79EFBC}") = "CBS.AccountManagement.Domain", "CoreServices\AccountManagement\CBS.AccountManagement.Domain\CBS.AccountManagement.Domain.csproj", "{C02169D4-7B3C-4D6F-9893-2CB62DA2A99B}"
EndProject
Project("{FAE04EC0-301F-11D3-BF4B-00C04F79EFBC}") = "CBS.TransactionManagement.MediatR", "CoreServices\TransactionManagement\CBS.TransactionManagement.MediatR\CBS.TransactionManagement.MediatR.csproj", "{6AC561E1-AFDB-44CC-A08A-883F1499F435}"
EndProject
Project("{2150E333-8FDC-42A3-9474-1A3956D46DE8}") = "DailyCollectionManagement", "DailyCollectionManagement", "{0D41F951-2572-4097-9EED-528A802EF11F}"
EndProject
Project("{FAE04EC0-301F-11D3-BF4B-00C04F79EFBC}") = "CBS.DailyCollectionManagement.API", "CoreServices\DailyCollectionManagement\CBS.DailyCollectionManagement.API\CBS.DailyCollectionManagement.API.csproj", "{B74B625F-8099-4E4D-BD14-AC98E7517FF5}"
EndProject
Project("{FAE04EC0-301F-11D3-BF4B-00C04F79EFBC}") = "CBS.DailyCollectionManagement.Common", "CoreServices\DailyCollectionManagement\CBS.DailyCollectionManagement.Common\CBS.DailyCollectionManagement.Common.csproj", "{811D6808-7647-457E-AF82-B31CC5F83E3E}"
EndProject
Project("{FAE04EC0-301F-11D3-BF4B-00C04F79EFBC}") = "CBS.DailyCollectionManagement.Data", "CoreServices\DailyCollectionManagement\CBS.DailyCollectionManagement.Data\CBS.DailyCollectionManagement.Data.csproj", "{863300D7-FC85-45AC-83FD-6D47FFC9E934}"
EndProject
Project("{FAE04EC0-301F-11D3-BF4B-00C04F79EFBC}") = "CBS.DailyCollectionManagement.Domain", "CoreServices\DailyCollectionManagement\CBS.DailyCollectionManagement.Domain\CBS.DailyCollectionManagement.Domain.csproj", "{07B1139D-A9F2-46BA-9346-631387A38281}"
EndProject
Project("{FAE04EC0-301F-11D3-BF4B-00C04F79EFBC}") = "CBS.DailyCollectionManagement.Helper", "CoreServices\DailyCollectionManagement\CBS.DailyCollectionManagement.Helper\CBS.DailyCollectionManagement.Helper.csproj", "{94A8ED2D-AF12-4C23-A03B-8C91F3410ECF}"
EndProject
Project("{FAE04EC0-301F-11D3-BF4B-00C04F79EFBC}") = "CBS.DailyCollectionManagement.MediatR", "CoreServices\DailyCollectionManagement\CBS.DailyCollectionManagement.MediatR\CBS.DailyCollectionManagement.MediatR.csproj", "{49AE30A5-D5BE-45EE-8625-26E969BE7936}"
EndProject
Project("{FAE04EC0-301F-11D3-BF4B-00C04F79EFBC}") = "CBS.DailyCollectionManagement.Repository", "CoreServices\DailyCollectionManagement\CBS.DailyCollectionManagement.Repository\CBS.DailyCollectionManagement.Repository.csproj", "{0F03FA6E-2C65-4FC6-9A4D-725EDB96123D}"
EndProject
Project("{2150E333-8FDC-42A3-9474-1A3956D46DE8}") = "PortfolioManagement", "PortfolioManagement", "{D9FFC8A4-E435-4BA9-8917-AC2049370795}"
EndProject
Project("{9A19103F-16F7-4668-BE54-9A1E7A4F7556}") = "CBS.PortfolioManagement.API", "CoreServices\PortfolioManagement\CBS.PortfolioManagement.API\CBS.PortfolioManagement.API.csproj", "{3DAEF717-86EC-42B3-BA80-EC70C3ED2CAA}"
EndProject
Project("{9A19103F-16F7-4668-BE54-9A1E7A4F7556}") = "CBS.PortfolioManagement.Common", "CoreServices\PortfolioManagement\CBS.PortfolioManagement.Common\CBS.PortfolioManagement.Common.csproj", "{A4D8DDD9-5650-47FC-AEB1-F30681C061A8}"
EndProject
Project("{9A19103F-16F7-4668-BE54-9A1E7A4F7556}") = "CBS.PortfolioManagement.Data", "CoreServices\PortfolioManagement\CBS.PortfolioManagement.Data\CBS.PortfolioManagement.Data.csproj", "{F12C36B1-6371-4A01-8A98-17A381E9E818}"
EndProject
Project("{9A19103F-16F7-4668-BE54-9A1E7A4F7556}") = "CBS.PortfolioManagement.Domain", "CoreServices\PortfolioManagement\CBS.PortfolioManagement.Domain\CBS.PortfolioManagement.Domain.csproj", "{8061A527-F255-4774-BB65-919AD52C3FE4}"
EndProject
Project("{9A19103F-16F7-4668-BE54-9A1E7A4F7556}") = "CBS.PortfolioManagement.Helper", "CoreServices\PortfolioManagement\CBS.PortfolioManagement.Helper\CBS.PortfolioManagement.Helper.csproj", "{90562DD7-DE50-44BE-A424-F82D8E12661D}"
EndProject
Project("{9A19103F-16F7-4668-BE54-9A1E7A4F7556}") = "CBS.PortfolioManagement.Repository", "CoreServices\PortfolioManagement\CBS.PortfolioManagement.Repository\CBS.PortfolioManagement.Repository.csproj", "{0F5D0420-E61C-41EC-BCCF-0A7395CEDBDC}"
EndProject
Project("{9A19103F-16F7-4668-BE54-9A1E7A4F7556}") = "CBS.PortfolioManagement.MediatR", "CoreServices\PortfolioManagement\CBS.PortfolioManagement.MediatR\CBS.PortfolioManagement.MediatR.csproj", "{6AC561E1-AFDB-44CC-A08A-883F1499F434}"
EndProject
Project("{2150E333-8FDC-42A3-9474-1A3956D46DE8}") = "CheckManagement", "CheckManagement", "{D9FFC8A4-E435-4BA9-8917-AC204937079A}"
EndProject
Project("{9A19103F-16F7-4668-BE54-9A1E7A4F7556}") = "CBS.CheckManagement.API", "CoreServices\CheckManagement\CBS.CheckManagement.API\CBS.CheckManagement.API.csproj", "{3DAEF717-86EC-42B3-BA80-EC70C3ED2CAA}"
EndProject
Project("{9A19103F-16F7-4668-BE54-9A1E7A4F7556}") = "CBS.CheckManagement.Common", "CoreServices\CheckManagement\CBS.CheckManagement.Common\CBS.CheckManagement.Common.csproj", "{A4D8DDD9-5650-47FC-AEB1-F30681C061AA}"
EndProject
Project("{9A19103F-16F7-4668-BE54-9A1E7A4F7556}") = "CBS.CheckManagement.Data", "CoreServices\CheckManagement\CBS.CheckManagement.Data\CBS.CheckManagement.Data.csproj", "{F12C36B1-6371-4A01-8A98-17A381E9E81A}"
EndProject
Project("{9A19103F-16F7-4668-BE54-9A1E7A4F7556}") = "CBS.CheckManagement.Domain", "CoreServices\CheckManagement\CBS.CheckManagement.Domain\CBS.CheckManagement.Domain.csproj", "{8061A527-F255-4774-BB65-919AD52C3FEA}"
EndProject
Project("{9A19103F-16F7-4668-BE54-9A1E7A4F7556}") = "CBS.CheckManagement.Helper", "CoreServices\CheckManagement\CBS.CheckManagement.Helper\CBS.CheckManagement.Helper.csproj", "{90562DD7-DE50-44BE-A424-F82D8E12661A}"
EndProject
Project("{9A19103F-16F7-4668-BE54-9A1E7A4F7556}") = "CBS.CheckManagement.Repository", "CoreServices\CheckManagement\CBS.CheckManagement.Repository\CBS.CheckManagement.Repository.csproj", "{0F5D0420-E61C-41EC-BCCF-0A7395CEDBDA}"
EndProject
Project("{9A19103F-16F7-4668-BE54-9A1E7A4F7556}") = "CBS.CheckManagement.MediatR", "CoreServices\CheckManagement\CBS.CheckManagement.MediatR\CBS.CheckManagement.MediatR.csproj", "{6AC561E1-AFDB-44CC-A08A-883F1499F43A}"
EndProject
Global
	GlobalSection(SolutionConfigurationPlatforms) = preSolution
		Debug|Any CPU = Debug|Any CPU
		Release|Any CPU = Release|Any CPU
	EndGlobalSection
	GlobalSection(ProjectConfigurationPlatforms) = postSolution
		{AC2C86AA-FB1B-4C8A-A9FE-6FDC79D12A9A}.Debug|Any CPU.ActiveCfg = Debug|Any CPU
		{AC2C86AA-FB1B-4C8A-A9FE-6FDC79D12A9A}.Debug|Any CPU.Build.0 = Debug|Any CPU
		{AC2C86AA-FB1B-4C8A-A9FE-6FDC79D12A9A}.Release|Any CPU.ActiveCfg = Release|Any CPU
		{AC2C86AA-FB1B-4C8A-A9FE-6FDC79D12A9A}.Release|Any CPU.Build.0 = Release|Any CPU
		{29413AEF-997B-47AD-95FC-D96BEB4BE775}.Debug|Any CPU.ActiveCfg = Debug|Any CPU
		{29413AEF-997B-47AD-95FC-D96BEB4BE775}.Debug|Any CPU.Build.0 = Debug|Any CPU
		{29413AEF-997B-47AD-95FC-D96BEB4BE775}.Release|Any CPU.ActiveCfg = Release|Any CPU
		{29413AEF-997B-47AD-95FC-D96BEB4BE775}.Release|Any CPU.Build.0 = Release|Any CPU
		{0C09B89F-9628-4507-B859-C663C8BF9BAA}.Debug|Any CPU.ActiveCfg = Debug|Any CPU
		{0C09B89F-9628-4507-B859-C663C8BF9BAA}.Debug|Any CPU.Build.0 = Debug|Any CPU
		{0C09B89F-9628-4507-B859-C663C8BF9BAA}.Release|Any CPU.ActiveCfg = Release|Any CPU
		{0C09B89F-9628-4507-B859-C663C8BF9BAA}.Release|Any CPU.Build.0 = Release|Any CPU
		{046F34B2-4674-413C-968E-A4113060B22C}.Debug|Any CPU.ActiveCfg = Debug|Any CPU
		{046F34B2-4674-413C-968E-A4113060B22C}.Debug|Any CPU.Build.0 = Debug|Any CPU
		{046F34B2-4674-413C-968E-A4113060B22C}.Release|Any CPU.ActiveCfg = Release|Any CPU
		{046F34B2-4674-413C-968E-A4113060B22C}.Release|Any CPU.Build.0 = Release|Any CPU
		{C0863E3B-BB48-4541-A055-F1203F933963}.Debug|Any CPU.ActiveCfg = Debug|Any CPU
		{C0863E3B-BB48-4541-A055-F1203F933963}.Debug|Any CPU.Build.0 = Debug|Any CPU
		{C0863E3B-BB48-4541-A055-F1203F933963}.Release|Any CPU.ActiveCfg = Release|Any CPU
		{C0863E3B-BB48-4541-A055-F1203F933963}.Release|Any CPU.Build.0 = Release|Any CPU
		{65EBDD66-E646-4BB6-A1CE-9E80F0857C94}.Debug|Any CPU.ActiveCfg = Debug|Any CPU
		{65EBDD66-E646-4BB6-A1CE-9E80F0857C94}.Debug|Any CPU.Build.0 = Debug|Any CPU
		{65EBDD66-E646-4BB6-A1CE-9E80F0857C94}.Release|Any CPU.ActiveCfg = Release|Any CPU
		{65EBDD66-E646-4BB6-A1CE-9E80F0857C94}.Release|Any CPU.Build.0 = Release|Any CPU
		{7423221F-5684-46A7-A21B-5C2E44FB35E6}.Debug|Any CPU.ActiveCfg = Debug|Any CPU
		{7423221F-5684-46A7-A21B-5C2E44FB35E6}.Debug|Any CPU.Build.0 = Debug|Any CPU
		{7423221F-5684-46A7-A21B-5C2E44FB35E6}.Release|Any CPU.ActiveCfg = Release|Any CPU
		{7423221F-5684-46A7-A21B-5C2E44FB35E6}.Release|Any CPU.Build.0 = Release|Any CPU
		{9C2B5F48-5E6B-46E4-943A-4FCAA6506E89}.Debug|Any CPU.ActiveCfg = Debug|Any CPU
		{9C2B5F48-5E6B-46E4-943A-4FCAA6506E89}.Debug|Any CPU.Build.0 = Debug|Any CPU
		{9C2B5F48-5E6B-46E4-943A-4FCAA6506E89}.Release|Any CPU.ActiveCfg = Release|Any CPU
		{9C2B5F48-5E6B-46E4-943A-4FCAA6506E89}.Release|Any CPU.Build.0 = Release|Any CPU
		{7EC43A3A-B472-4680-A751-46E16F36B837}.Debug|Any CPU.ActiveCfg = Debug|Any CPU
		{7EC43A3A-B472-4680-A751-46E16F36B837}.Debug|Any CPU.Build.0 = Debug|Any CPU
		{7EC43A3A-B472-4680-A751-46E16F36B837}.Release|Any CPU.ActiveCfg = Release|Any CPU
		{7EC43A3A-B472-4680-A751-46E16F36B837}.Release|Any CPU.Build.0 = Release|Any CPU
		{3DAEF717-86EC-42B3-BA80-EC70C3ED2CAB}.Debug|Any CPU.ActiveCfg = Debug|Any CPU
		{3DAEF717-86EC-42B3-BA80-EC70C3ED2CAB}.Debug|Any CPU.Build.0 = Debug|Any CPU
		{3DAEF717-86EC-42B3-BA80-EC70C3ED2CAB}.Release|Any CPU.ActiveCfg = Release|Any CPU
		{3DAEF717-86EC-42B3-BA80-EC70C3ED2CAB}.Release|Any CPU.Build.0 = Release|Any CPU
		{A4D8DDD9-5650-47FC-AEB1-F30681C061A9}.Debug|Any CPU.ActiveCfg = Debug|Any CPU
		{A4D8DDD9-5650-47FC-AEB1-F30681C061A9}.Debug|Any CPU.Build.0 = Debug|Any CPU
		{A4D8DDD9-5650-47FC-AEB1-F30681C061A9}.Release|Any CPU.ActiveCfg = Release|Any CPU
		{A4D8DDD9-5650-47FC-AEB1-F30681C061A9}.Release|Any CPU.Build.0 = Release|Any CPU
		{F12C36B1-6371-4A01-8A98-17A381E9E819}.Debug|Any CPU.ActiveCfg = Debug|Any CPU
		{F12C36B1-6371-4A01-8A98-17A381E9E819}.Debug|Any CPU.Build.0 = Debug|Any CPU
		{F12C36B1-6371-4A01-8A98-17A381E9E819}.Release|Any CPU.ActiveCfg = Release|Any CPU
		{F12C36B1-6371-4A01-8A98-17A381E9E819}.Release|Any CPU.Build.0 = Release|Any CPU
		{8061A527-F255-4774-BB65-919AD52C3FE5}.Debug|Any CPU.ActiveCfg = Debug|Any CPU
		{8061A527-F255-4774-BB65-919AD52C3FE5}.Debug|Any CPU.Build.0 = Debug|Any CPU
		{8061A527-F255-4774-BB65-919AD52C3FE5}.Release|Any CPU.ActiveCfg = Release|Any CPU
		{8061A527-F255-4774-BB65-919AD52C3FE5}.Release|Any CPU.Build.0 = Release|Any CPU
		{90562DD7-DE50-44BE-A424-F82D8E12661E}.Debug|Any CPU.ActiveCfg = Debug|Any CPU
		{90562DD7-DE50-44BE-A424-F82D8E12661E}.Debug|Any CPU.Build.0 = Debug|Any CPU
		{90562DD7-DE50-44BE-A424-F82D8E12661E}.Release|Any CPU.ActiveCfg = Release|Any CPU
		{90562DD7-DE50-44BE-A424-F82D8E12661E}.Release|Any CPU.Build.0 = Release|Any CPU
		{0F5D0420-E61C-41EC-BCCF-0A7395CEDBDB}.Debug|Any CPU.ActiveCfg = Debug|Any CPU
		{0F5D0420-E61C-41EC-BCCF-0A7395CEDBDB}.Debug|Any CPU.Build.0 = Debug|Any CPU
		{0F5D0420-E61C-41EC-BCCF-0A7395CEDBDB}.Release|Any CPU.ActiveCfg = Release|Any CPU
		{0F5D0420-E61C-41EC-BCCF-0A7395CEDBDB}.Release|Any CPU.Build.0 = Release|Any CPU
		{5478953F-177B-45DA-B2DC-27B02BFC93E6}.Debug|Any CPU.ActiveCfg = Debug|Any CPU
		{5478953F-177B-45DA-B2DC-27B02BFC93E6}.Debug|Any CPU.Build.0 = Debug|Any CPU
		{5478953F-177B-45DA-B2DC-27B02BFC93E6}.Release|Any CPU.ActiveCfg = Release|Any CPU
		{5478953F-177B-45DA-B2DC-27B02BFC93E6}.Release|Any CPU.Build.0 = Release|Any CPU
		{B02B6713-456B-4A8C-A8BD-BADA4F3EF17E}.Debug|Any CPU.ActiveCfg = Debug|Any CPU
		{B02B6713-456B-4A8C-A8BD-BADA4F3EF17E}.Debug|Any CPU.Build.0 = Debug|Any CPU
		{B02B6713-456B-4A8C-A8BD-BADA4F3EF17E}.Release|Any CPU.ActiveCfg = Release|Any CPU
		{B02B6713-456B-4A8C-A8BD-BADA4F3EF17E}.Release|Any CPU.Build.0 = Release|Any CPU
		{CDBBF7F4-D885-4FF6-9051-D3F9FB305331}.Debug|Any CPU.ActiveCfg = Debug|Any CPU
		{CDBBF7F4-D885-4FF6-9051-D3F9FB305331}.Debug|Any CPU.Build.0 = Debug|Any CPU
		{CDBBF7F4-D885-4FF6-9051-D3F9FB305331}.Release|Any CPU.ActiveCfg = Release|Any CPU
		{CDBBF7F4-D885-4FF6-9051-D3F9FB305331}.Release|Any CPU.Build.0 = Release|Any CPU
		{51CB89BF-3669-4C7B-BA91-51F1F56F1153}.Debug|Any CPU.ActiveCfg = Debug|Any CPU
		{51CB89BF-3669-4C7B-BA91-51F1F56F1153}.Debug|Any CPU.Build.0 = Debug|Any CPU
		{51CB89BF-3669-4C7B-BA91-51F1F56F1153}.Release|Any CPU.ActiveCfg = Release|Any CPU
		{51CB89BF-3669-4C7B-BA91-51F1F56F1153}.Release|Any CPU.Build.0 = Release|Any CPU
		{61BE519F-47EA-4305-9FDD-CAF44E2B7455}.Debug|Any CPU.ActiveCfg = Debug|Any CPU
		{61BE519F-47EA-4305-9FDD-CAF44E2B7455}.Debug|Any CPU.Build.0 = Debug|Any CPU
		{61BE519F-47EA-4305-9FDD-CAF44E2B7455}.Release|Any CPU.ActiveCfg = Release|Any CPU
		{61BE519F-47EA-4305-9FDD-CAF44E2B7455}.Release|Any CPU.Build.0 = Release|Any CPU
		{84385AB0-CFED-4680-923F-0B6962AEC8F6}.Debug|Any CPU.ActiveCfg = Debug|Any CPU
		{84385AB0-CFED-4680-923F-0B6962AEC8F6}.Debug|Any CPU.Build.0 = Debug|Any CPU
		{84385AB0-CFED-4680-923F-0B6962AEC8F6}.Release|Any CPU.ActiveCfg = Release|Any CPU
		{84385AB0-CFED-4680-923F-0B6962AEC8F6}.Release|Any CPU.Build.0 = Release|Any CPU
		{2F1A8626-3B80-4E87-9E1C-6F06B0A91E15}.Debug|Any CPU.ActiveCfg = Debug|Any CPU
		{2F1A8626-3B80-4E87-9E1C-6F06B0A91E15}.Debug|Any CPU.Build.0 = Debug|Any CPU
		{2F1A8626-3B80-4E87-9E1C-6F06B0A91E15}.Release|Any CPU.ActiveCfg = Release|Any CPU
		{2F1A8626-3B80-4E87-9E1C-6F06B0A91E15}.Release|Any CPU.Build.0 = Release|Any CPU
		{C4F11017-7412-445A-B244-0E904D06AEB6}.Debug|Any CPU.ActiveCfg = Debug|Any CPU
		{C4F11017-7412-445A-B244-0E904D06AEB6}.Debug|Any CPU.Build.0 = Debug|Any CPU
		{C4F11017-7412-445A-B244-0E904D06AEB6}.Release|Any CPU.ActiveCfg = Release|Any CPU
		{C4F11017-7412-445A-B244-0E904D06AEB6}.Release|Any CPU.Build.0 = Release|Any CPU
		{54C98E4B-A1CE-433B-8C60-C0BB323B23D2}.Debug|Any CPU.ActiveCfg = Debug|Any CPU
		{54C98E4B-A1CE-433B-8C60-C0BB323B23D2}.Debug|Any CPU.Build.0 = Debug|Any CPU
		{54C98E4B-A1CE-433B-8C60-C0BB323B23D2}.Release|Any CPU.ActiveCfg = Release|Any CPU
		{54C98E4B-A1CE-433B-8C60-C0BB323B23D2}.Release|Any CPU.Build.0 = Release|Any CPU
		{0F4B9696-A55F-428D-8923-833DC5769F47}.Debug|Any CPU.ActiveCfg = Debug|Any CPU
		{0F4B9696-A55F-428D-8923-833DC5769F47}.Debug|Any CPU.Build.0 = Debug|Any CPU
		{0F4B9696-A55F-428D-8923-833DC5769F47}.Release|Any CPU.ActiveCfg = Release|Any CPU
		{0F4B9696-A55F-428D-8923-833DC5769F47}.Release|Any CPU.Build.0 = Release|Any CPU
		{37A4682C-212D-4C94-97DB-22D7833D5806}.Debug|Any CPU.ActiveCfg = Debug|Any CPU
		{37A4682C-212D-4C94-97DB-22D7833D5806}.Debug|Any CPU.Build.0 = Debug|Any CPU
		{37A4682C-212D-4C94-97DB-22D7833D5806}.Release|Any CPU.ActiveCfg = Release|Any CPU
		{37A4682C-212D-4C94-97DB-22D7833D5806}.Release|Any CPU.Build.0 = Release|Any CPU
		{76A7DEDA-C1D2-4761-AF2A-F4C97269E3BB}.Debug|Any CPU.ActiveCfg = Debug|Any CPU
		{76A7DEDA-C1D2-4761-AF2A-F4C97269E3BB}.Debug|Any CPU.Build.0 = Debug|Any CPU
		{76A7DEDA-C1D2-4761-AF2A-F4C97269E3BB}.Release|Any CPU.ActiveCfg = Release|Any CPU
		{76A7DEDA-C1D2-4761-AF2A-F4C97269E3BB}.Release|Any CPU.Build.0 = Release|Any CPU
		{E1F92111-4BA2-403E-B721-E8FE25FD99E2}.Debug|Any CPU.ActiveCfg = Debug|Any CPU
		{E1F92111-4BA2-403E-B721-E8FE25FD99E2}.Debug|Any CPU.Build.0 = Debug|Any CPU
		{E1F92111-4BA2-403E-B721-E8FE25FD99E2}.Release|Any CPU.ActiveCfg = Release|Any CPU
		{E1F92111-4BA2-403E-B721-E8FE25FD99E2}.Release|Any CPU.Build.0 = Release|Any CPU
		{81C593FB-6222-4376-AA1C-EEE7226DE8CF}.Debug|Any CPU.ActiveCfg = Debug|Any CPU
		{81C593FB-6222-4376-AA1C-EEE7226DE8CF}.Debug|Any CPU.Build.0 = Debug|Any CPU
		{81C593FB-6222-4376-AA1C-EEE7226DE8CF}.Release|Any CPU.ActiveCfg = Release|Any CPU
		{81C593FB-6222-4376-AA1C-EEE7226DE8CF}.Release|Any CPU.Build.0 = Release|Any CPU
		{AD71B8D7-0E02-4B02-ADBD-BCE44C86AB3B}.Debug|Any CPU.ActiveCfg = Debug|Any CPU
		{AD71B8D7-0E02-4B02-ADBD-BCE44C86AB3B}.Debug|Any CPU.Build.0 = Debug|Any CPU
		{AD71B8D7-0E02-4B02-ADBD-BCE44C86AB3B}.Release|Any CPU.ActiveCfg = Release|Any CPU
		{AD71B8D7-0E02-4B02-ADBD-BCE44C86AB3B}.Release|Any CPU.Build.0 = Release|Any CPU
		{153B2764-5FC1-44BD-B2FE-069E5FE808E2}.Debug|Any CPU.ActiveCfg = Debug|Any CPU
		{153B2764-5FC1-44BD-B2FE-069E5FE808E2}.Debug|Any CPU.Build.0 = Debug|Any CPU
		{153B2764-5FC1-44BD-B2FE-069E5FE808E2}.Release|Any CPU.ActiveCfg = Release|Any CPU
		{153B2764-5FC1-44BD-B2FE-069E5FE808E2}.Release|Any CPU.Build.0 = Release|Any CPU
		{AB705FD5-6D01-4940-BCAE-C91FD6E5C26C}.Debug|Any CPU.ActiveCfg = Debug|Any CPU
		{AB705FD5-6D01-4940-BCAE-C91FD6E5C26C}.Debug|Any CPU.Build.0 = Debug|Any CPU
		{AB705FD5-6D01-4940-BCAE-C91FD6E5C26C}.Release|Any CPU.ActiveCfg = Release|Any CPU
		{AB705FD5-6D01-4940-BCAE-C91FD6E5C26C}.Release|Any CPU.Build.0 = Release|Any CPU
		{36343342-DC46-44B7-9E75-C38148252829}.Debug|Any CPU.ActiveCfg = Debug|Any CPU
		{36343342-DC46-44B7-9E75-C38148252829}.Debug|Any CPU.Build.0 = Debug|Any CPU
		{36343342-DC46-44B7-9E75-C38148252829}.Release|Any CPU.ActiveCfg = Release|Any CPU
		{36343342-DC46-44B7-9E75-C38148252829}.Release|Any CPU.Build.0 = Release|Any CPU
		{C656933E-1DF0-4C62-A9FB-E971B8E20E89}.Debug|Any CPU.ActiveCfg = Debug|Any CPU
		{C656933E-1DF0-4C62-A9FB-E971B8E20E89}.Debug|Any CPU.Build.0 = Debug|Any CPU
		{C656933E-1DF0-4C62-A9FB-E971B8E20E89}.Release|Any CPU.ActiveCfg = Release|Any CPU
		{C656933E-1DF0-4C62-A9FB-E971B8E20E89}.Release|Any CPU.Build.0 = Release|Any CPU
		{714E5790-77A9-407B-8A7C-E43686EC84BF}.Debug|Any CPU.ActiveCfg = Debug|Any CPU
		{714E5790-77A9-407B-8A7C-E43686EC84BF}.Debug|Any CPU.Build.0 = Debug|Any CPU
		{714E5790-77A9-407B-8A7C-E43686EC84BF}.Release|Any CPU.ActiveCfg = Release|Any CPU
		{714E5790-77A9-407B-8A7C-E43686EC84BF}.Release|Any CPU.Build.0 = Release|Any CPU
		{3464D3A2-CC05-43BB-B1F8-09EC5D61CDE9}.Debug|Any CPU.ActiveCfg = Debug|Any CPU
		{3464D3A2-CC05-43BB-B1F8-09EC5D61CDE9}.Debug|Any CPU.Build.0 = Debug|Any CPU
		{3464D3A2-CC05-43BB-B1F8-09EC5D61CDE9}.Release|Any CPU.ActiveCfg = Release|Any CPU
		{3464D3A2-CC05-43BB-B1F8-09EC5D61CDE9}.Release|Any CPU.Build.0 = Release|Any CPU
		{118D9E15-6451-45CC-AEA2-AA90D74203E1}.Debug|Any CPU.ActiveCfg = Debug|Any CPU
		{118D9E15-6451-45CC-AEA2-AA90D74203E1}.Debug|Any CPU.Build.0 = Debug|Any CPU
		{118D9E15-6451-45CC-AEA2-AA90D74203E1}.Release|Any CPU.ActiveCfg = Release|Any CPU
		{118D9E15-6451-45CC-AEA2-AA90D74203E1}.Release|Any CPU.Build.0 = Release|Any CPU
		{7F4F4CAF-F061-4D7D-A376-7E3554E2ED4F}.Debug|Any CPU.ActiveCfg = Debug|Any CPU
		{7F4F4CAF-F061-4D7D-A376-7E3554E2ED4F}.Debug|Any CPU.Build.0 = Debug|Any CPU
		{7F4F4CAF-F061-4D7D-A376-7E3554E2ED4F}.Release|Any CPU.ActiveCfg = Release|Any CPU
		{7F4F4CAF-F061-4D7D-A376-7E3554E2ED4F}.Release|Any CPU.Build.0 = Release|Any CPU
		{ED31E3FA-30C1-4BA0-B808-3A0289EFF790}.Debug|Any CPU.ActiveCfg = Debug|Any CPU
		{ED31E3FA-30C1-4BA0-B808-3A0289EFF790}.Debug|Any CPU.Build.0 = Debug|Any CPU
		{ED31E3FA-30C1-4BA0-B808-3A0289EFF790}.Release|Any CPU.ActiveCfg = Release|Any CPU
		{ED31E3FA-30C1-4BA0-B808-3A0289EFF790}.Release|Any CPU.Build.0 = Release|Any CPU
		{639AE684-19D4-4CBB-A3A7-632CC93469F1}.Debug|Any CPU.ActiveCfg = Debug|Any CPU
		{639AE684-19D4-4CBB-A3A7-632CC93469F1}.Debug|Any CPU.Build.0 = Debug|Any CPU
		{639AE684-19D4-4CBB-A3A7-632CC93469F1}.Release|Any CPU.ActiveCfg = Release|Any CPU
		{639AE684-19D4-4CBB-A3A7-632CC93469F1}.Release|Any CPU.Build.0 = Release|Any CPU
		{DF285A31-ECE9-4378-8BCB-9169547D4A28}.Debug|Any CPU.ActiveCfg = Debug|Any CPU
		{DF285A31-ECE9-4378-8BCB-9169547D4A28}.Debug|Any CPU.Build.0 = Debug|Any CPU
		{DF285A31-ECE9-4378-8BCB-9169547D4A28}.Release|Any CPU.ActiveCfg = Release|Any CPU
		{DF285A31-ECE9-4378-8BCB-9169547D4A28}.Release|Any CPU.Build.0 = Release|Any CPU
		{C74806CC-B158-4692-A4BB-F025CFEC998A}.Debug|Any CPU.ActiveCfg = Debug|Any CPU
		{C74806CC-B158-4692-A4BB-F025CFEC998A}.Debug|Any CPU.Build.0 = Debug|Any CPU
		{C74806CC-B158-4692-A4BB-F025CFEC998A}.Release|Any CPU.ActiveCfg = Release|Any CPU
		{C74806CC-B158-4692-A4BB-F025CFEC998A}.Release|Any CPU.Build.0 = Release|Any CPU
		{E9FA5804-A91C-4323-8CEE-796924D3C426}.Debug|Any CPU.ActiveCfg = Debug|Any CPU
		{E9FA5804-A91C-4323-8CEE-796924D3C426}.Debug|Any CPU.Build.0 = Debug|Any CPU
		{E9FA5804-A91C-4323-8CEE-796924D3C426}.Release|Any CPU.ActiveCfg = Release|Any CPU
		{E9FA5804-A91C-4323-8CEE-796924D3C426}.Release|Any CPU.Build.0 = Release|Any CPU
		{7D8A7327-AA19-48F8-A278-DA8A6DDA5A5E}.Debug|Any CPU.ActiveCfg = Debug|Any CPU
		{7D8A7327-AA19-48F8-A278-DA8A6DDA5A5E}.Debug|Any CPU.Build.0 = Debug|Any CPU
		{7D8A7327-AA19-48F8-A278-DA8A6DDA5A5E}.Release|Any CPU.ActiveCfg = Release|Any CPU
		{7D8A7327-AA19-48F8-A278-DA8A6DDA5A5E}.Release|Any CPU.Build.0 = Release|Any CPU
		{5837FE82-1104-470E-8605-492CCF4A9BF9}.Debug|Any CPU.ActiveCfg = Debug|Any CPU
		{5837FE82-1104-470E-8605-492CCF4A9BF9}.Debug|Any CPU.Build.0 = Debug|Any CPU
		{5837FE82-1104-470E-8605-492CCF4A9BF9}.Release|Any CPU.ActiveCfg = Release|Any CPU
		{5837FE82-1104-470E-8605-492CCF4A9BF9}.Release|Any CPU.Build.0 = Release|Any CPU
		{84763DF0-983A-44DD-863F-3BBB0B19478E}.Debug|Any CPU.ActiveCfg = Debug|Any CPU
		{84763DF0-983A-44DD-863F-3BBB0B19478E}.Debug|Any CPU.Build.0 = Debug|Any CPU
		{84763DF0-983A-44DD-863F-3BBB0B19478E}.Release|Any CPU.ActiveCfg = Release|Any CPU
		{84763DF0-983A-44DD-863F-3BBB0B19478E}.Release|Any CPU.Build.0 = Release|Any CPU
		{D3B0D6A8-1CB0-4648-AE0B-9B707DEDF01B}.Debug|Any CPU.ActiveCfg = Debug|Any CPU
		{D3B0D6A8-1CB0-4648-AE0B-9B707DEDF01B}.Debug|Any CPU.Build.0 = Debug|Any CPU
		{D3B0D6A8-1CB0-4648-AE0B-9B707DEDF01B}.Release|Any CPU.ActiveCfg = Release|Any CPU
		{D3B0D6A8-1CB0-4648-AE0B-9B707DEDF01B}.Release|Any CPU.Build.0 = Release|Any CPU
		{06726B34-5953-42E7-9120-DBCACCE4B8FC}.Debug|Any CPU.ActiveCfg = Debug|Any CPU
		{06726B34-5953-42E7-9120-DBCACCE4B8FC}.Debug|Any CPU.Build.0 = Debug|Any CPU
		{06726B34-5953-42E7-9120-DBCACCE4B8FC}.Release|Any CPU.ActiveCfg = Release|Any CPU
		{06726B34-5953-42E7-9120-DBCACCE4B8FC}.Release|Any CPU.Build.0 = Release|Any CPU
		{E9D085B9-F3DD-46E1-82D5-38A4BB476471}.Debug|Any CPU.ActiveCfg = Debug|Any CPU
		{E9D085B9-F3DD-46E1-82D5-38A4BB476471}.Debug|Any CPU.Build.0 = Debug|Any CPU
		{E9D085B9-F3DD-46E1-82D5-38A4BB476471}.Release|Any CPU.ActiveCfg = Release|Any CPU
		{E9D085B9-F3DD-46E1-82D5-38A4BB476471}.Release|Any CPU.Build.0 = Release|Any CPU
		{8D7D05CC-586B-447B-978A-B268C615BA68}.Debug|Any CPU.ActiveCfg = Debug|Any CPU
		{8D7D05CC-586B-447B-978A-B268C615BA68}.Debug|Any CPU.Build.0 = Debug|Any CPU
		{8D7D05CC-586B-447B-978A-B268C615BA68}.Release|Any CPU.ActiveCfg = Release|Any CPU
		{8D7D05CC-586B-447B-978A-B268C615BA68}.Release|Any CPU.Build.0 = Release|Any CPU
		{9BAA09E0-91BC-4181-A143-319D969290DD}.Debug|Any CPU.ActiveCfg = Debug|Any CPU
		{9BAA09E0-91BC-4181-A143-319D969290DD}.Debug|Any CPU.Build.0 = Debug|Any CPU
		{9BAA09E0-91BC-4181-A143-319D969290DD}.Release|Any CPU.ActiveCfg = Release|Any CPU
		{9BAA09E0-91BC-4181-A143-319D969290DD}.Release|Any CPU.Build.0 = Release|Any CPU
		{0C79D060-E08D-4099-91B9-100930D5E7FB}.Debug|Any CPU.ActiveCfg = Debug|Any CPU
		{0C79D060-E08D-4099-91B9-100930D5E7FB}.Debug|Any CPU.Build.0 = Debug|Any CPU
		{0C79D060-E08D-4099-91B9-100930D5E7FB}.Release|Any CPU.ActiveCfg = Release|Any CPU
		{0C79D060-E08D-4099-91B9-100930D5E7FB}.Release|Any CPU.Build.0 = Release|Any CPU
		{8709C837-3742-4CE6-B97A-789CF4C2B5EB}.Debug|Any CPU.ActiveCfg = Debug|Any CPU
		{8709C837-3742-4CE6-B97A-789CF4C2B5EB}.Debug|Any CPU.Build.0 = Debug|Any CPU
		{8709C837-3742-4CE6-B97A-789CF4C2B5EB}.Release|Any CPU.ActiveCfg = Release|Any CPU
		{8709C837-3742-4CE6-B97A-789CF4C2B5EB}.Release|Any CPU.Build.0 = Release|Any CPU
		{1B430B0B-BEA4-4EED-8CF2-7EF8D18470EF}.Debug|Any CPU.ActiveCfg = Debug|Any CPU
		{1B430B0B-BEA4-4EED-8CF2-7EF8D18470EF}.Debug|Any CPU.Build.0 = Debug|Any CPU
		{1B430B0B-BEA4-4EED-8CF2-7EF8D18470EF}.Release|Any CPU.ActiveCfg = Release|Any CPU
		{1B430B0B-BEA4-4EED-8CF2-7EF8D18470EF}.Release|Any CPU.Build.0 = Release|Any CPU
		{79ED697C-BE61-4EBD-9BF7-4B3485B3CBC6}.Debug|Any CPU.ActiveCfg = Debug|Any CPU
		{79ED697C-BE61-4EBD-9BF7-4B3485B3CBC6}.Debug|Any CPU.Build.0 = Debug|Any CPU
		{79ED697C-BE61-4EBD-9BF7-4B3485B3CBC6}.Release|Any CPU.ActiveCfg = Release|Any CPU
		{79ED697C-BE61-4EBD-9BF7-4B3485B3CBC6}.Release|Any CPU.Build.0 = Release|Any CPU
		{F87685F7-CCD1-406C-BC39-8AF196B10E96}.Debug|Any CPU.ActiveCfg = Debug|Any CPU
		{F87685F7-CCD1-406C-BC39-8AF196B10E96}.Debug|Any CPU.Build.0 = Debug|Any CPU
		{F87685F7-CCD1-406C-BC39-8AF196B10E96}.Release|Any CPU.ActiveCfg = Release|Any CPU
		{F87685F7-CCD1-406C-BC39-8AF196B10E96}.Release|Any CPU.Build.0 = Release|Any CPU
		{C508CFF1-C151-4699-9152-1B9DA7F2B3AE}.Debug|Any CPU.ActiveCfg = Debug|Any CPU
		{C508CFF1-C151-4699-9152-1B9DA7F2B3AE}.Debug|Any CPU.Build.0 = Debug|Any CPU
		{C508CFF1-C151-4699-9152-1B9DA7F2B3AE}.Release|Any CPU.ActiveCfg = Release|Any CPU
		{C508CFF1-C151-4699-9152-1B9DA7F2B3AE}.Release|Any CPU.Build.0 = Release|Any CPU
		{EB2E9508-CE12-4D8F-A488-F71B028F7EBA}.Debug|Any CPU.ActiveCfg = Debug|Any CPU
		{EB2E9508-CE12-4D8F-A488-F71B028F7EBA}.Debug|Any CPU.Build.0 = Debug|Any CPU
		{EB2E9508-CE12-4D8F-A488-F71B028F7EBA}.Release|Any CPU.ActiveCfg = Release|Any CPU
		{EB2E9508-CE12-4D8F-A488-F71B028F7EBA}.Release|Any CPU.Build.0 = Release|Any CPU
		{A2867DCF-4366-48B4-873F-0466282AB5EF}.Debug|Any CPU.ActiveCfg = Debug|Any CPU
		{A2867DCF-4366-48B4-873F-0466282AB5EF}.Debug|Any CPU.Build.0 = Debug|Any CPU
		{A2867DCF-4366-48B4-873F-0466282AB5EF}.Release|Any CPU.ActiveCfg = Release|Any CPU
		{A2867DCF-4366-48B4-873F-0466282AB5EF}.Release|Any CPU.Build.0 = Release|Any CPU
		{A00C3691-0685-4C9E-840A-9AD6DADD0BC1}.Debug|Any CPU.ActiveCfg = Debug|Any CPU
		{A00C3691-0685-4C9E-840A-9AD6DADD0BC1}.Debug|Any CPU.Build.0 = Debug|Any CPU
		{A00C3691-0685-4C9E-840A-9AD6DADD0BC1}.Release|Any CPU.ActiveCfg = Release|Any CPU
		{A00C3691-0685-4C9E-840A-9AD6DADD0BC1}.Release|Any CPU.Build.0 = Release|Any CPU
		{A142F6A1-0144-4813-8B7A-31F69F527F7F}.Debug|Any CPU.ActiveCfg = Debug|Any CPU
		{A142F6A1-0144-4813-8B7A-31F69F527F7F}.Debug|Any CPU.Build.0 = Debug|Any CPU
		{A142F6A1-0144-4813-8B7A-31F69F527F7F}.Release|Any CPU.ActiveCfg = Release|Any CPU
		{A142F6A1-0144-4813-8B7A-31F69F527F7F}.Release|Any CPU.Build.0 = Release|Any CPU
		{D03185C7-60BB-4581-9263-541D64964997}.Debug|Any CPU.ActiveCfg = Debug|Any CPU
		{D03185C7-60BB-4581-9263-541D64964997}.Debug|Any CPU.Build.0 = Debug|Any CPU
		{D03185C7-60BB-4581-9263-541D64964997}.Release|Any CPU.ActiveCfg = Release|Any CPU
		{D03185C7-60BB-4581-9263-541D64964997}.Release|Any CPU.Build.0 = Release|Any CPU
		{EB1469E0-3A8E-4FBF-BA6D-EBF7FB6E0C6F}.Debug|Any CPU.ActiveCfg = Debug|Any CPU
		{EB1469E0-3A8E-4FBF-BA6D-EBF7FB6E0C6F}.Debug|Any CPU.Build.0 = Debug|Any CPU
		{EB1469E0-3A8E-4FBF-BA6D-EBF7FB6E0C6F}.Release|Any CPU.ActiveCfg = Release|Any CPU
		{EB1469E0-3A8E-4FBF-BA6D-EBF7FB6E0C6F}.Release|Any CPU.Build.0 = Release|Any CPU
		{50DBCDBE-9FB0-4AEC-B867-6C9E49074778}.Debug|Any CPU.ActiveCfg = Debug|Any CPU
		{50DBCDBE-9FB0-4AEC-B867-6C9E49074778}.Debug|Any CPU.Build.0 = Debug|Any CPU
		{50DBCDBE-9FB0-4AEC-B867-6C9E49074778}.Release|Any CPU.ActiveCfg = Release|Any CPU
		{50DBCDBE-9FB0-4AEC-B867-6C9E49074778}.Release|Any CPU.Build.0 = Release|Any CPU
		{50E0B297-2EDB-4A66-8F1C-A6E74513DA89}.Debug|Any CPU.ActiveCfg = Debug|Any CPU
		{50E0B297-2EDB-4A66-8F1C-A6E74513DA89}.Debug|Any CPU.Build.0 = Debug|Any CPU
		{50E0B297-2EDB-4A66-8F1C-A6E74513DA89}.Release|Any CPU.ActiveCfg = Release|Any CPU
		{50E0B297-2EDB-4A66-8F1C-A6E74513DA89}.Release|Any CPU.Build.0 = Release|Any CPU
		{86A1D5C0-E263-45D6-8FFB-6FEBC8A39D06}.Debug|Any CPU.ActiveCfg = Debug|Any CPU
		{86A1D5C0-E263-45D6-8FFB-6FEBC8A39D06}.Debug|Any CPU.Build.0 = Debug|Any CPU
		{86A1D5C0-E263-45D6-8FFB-6FEBC8A39D06}.Release|Any CPU.ActiveCfg = Release|Any CPU
		{86A1D5C0-E263-45D6-8FFB-6FEBC8A39D06}.Release|Any CPU.Build.0 = Release|Any CPU
		{C02169D4-7B3C-4D6F-9893-2CB62DA2A99B}.Debug|Any CPU.ActiveCfg = Debug|Any CPU
		{C02169D4-7B3C-4D6F-9893-2CB62DA2A99B}.Debug|Any CPU.Build.0 = Debug|Any CPU
		{C02169D4-7B3C-4D6F-9893-2CB62DA2A99B}.Release|Any CPU.ActiveCfg = Release|Any CPU
		{C02169D4-7B3C-4D6F-9893-2CB62DA2A99B}.Release|Any CPU.Build.0 = Release|Any CPU
		{6AC561E1-AFDB-44CC-A08A-883F1499F435}.Debug|Any CPU.ActiveCfg = Debug|Any CPU
		{6AC561E1-AFDB-44CC-A08A-883F1499F435}.Debug|Any CPU.Build.0 = Debug|Any CPU
		{6AC561E1-AFDB-44CC-A08A-883F1499F435}.Release|Any CPU.ActiveCfg = Release|Any CPU
		{6AC561E1-AFDB-44CC-A08A-883F1499F435}.Release|Any CPU.Build.0 = Release|Any CPU
		{B74B625F-8099-4E4D-BD14-AC98E7517FF5}.Debug|Any CPU.ActiveCfg = Debug|Any CPU
		{B74B625F-8099-4E4D-BD14-AC98E7517FF5}.Debug|Any CPU.Build.0 = Debug|Any CPU
		{B74B625F-8099-4E4D-BD14-AC98E7517FF5}.Release|Any CPU.ActiveCfg = Release|Any CPU
		{B74B625F-8099-4E4D-BD14-AC98E7517FF5}.Release|Any CPU.Build.0 = Release|Any CPU
		{811D6808-7647-457E-AF82-B31CC5F83E3E}.Debug|Any CPU.ActiveCfg = Debug|Any CPU
		{811D6808-7647-457E-AF82-B31CC5F83E3E}.Debug|Any CPU.Build.0 = Debug|Any CPU
		{811D6808-7647-457E-AF82-B31CC5F83E3E}.Release|Any CPU.ActiveCfg = Release|Any CPU
		{811D6808-7647-457E-AF82-B31CC5F83E3E}.Release|Any CPU.Build.0 = Release|Any CPU
		{863300D7-FC85-45AC-83FD-6D47FFC9E934}.Debug|Any CPU.ActiveCfg = Debug|Any CPU
		{863300D7-FC85-45AC-83FD-6D47FFC9E934}.Debug|Any CPU.Build.0 = Debug|Any CPU
		{863300D7-FC85-45AC-83FD-6D47FFC9E934}.Release|Any CPU.ActiveCfg = Release|Any CPU
		{863300D7-FC85-45AC-83FD-6D47FFC9E934}.Release|Any CPU.Build.0 = Release|Any CPU
		{07B1139D-A9F2-46BA-9346-631387A38281}.Debug|Any CPU.ActiveCfg = Debug|Any CPU
		{07B1139D-A9F2-46BA-9346-631387A38281}.Debug|Any CPU.Build.0 = Debug|Any CPU
		{07B1139D-A9F2-46BA-9346-631387A38281}.Release|Any CPU.ActiveCfg = Release|Any CPU
		{07B1139D-A9F2-46BA-9346-631387A38281}.Release|Any CPU.Build.0 = Release|Any CPU
		{94A8ED2D-AF12-4C23-A03B-8C91F3410ECF}.Debug|Any CPU.ActiveCfg = Debug|Any CPU
		{94A8ED2D-AF12-4C23-A03B-8C91F3410ECF}.Debug|Any CPU.Build.0 = Debug|Any CPU
		{94A8ED2D-AF12-4C23-A03B-8C91F3410ECF}.Release|Any CPU.ActiveCfg = Release|Any CPU
		{94A8ED2D-AF12-4C23-A03B-8C91F3410ECF}.Release|Any CPU.Build.0 = Release|Any CPU
		{49AE30A5-D5BE-45EE-8625-26E969BE7936}.Debug|Any CPU.ActiveCfg = Debug|Any CPU
		{49AE30A5-D5BE-45EE-8625-26E969BE7936}.Debug|Any CPU.Build.0 = Debug|Any CPU
		{49AE30A5-D5BE-45EE-8625-26E969BE7936}.Release|Any CPU.ActiveCfg = Release|Any CPU
		{49AE30A5-D5BE-45EE-8625-26E969BE7936}.Release|Any CPU.Build.0 = Release|Any CPU
		{0F03FA6E-2C65-4FC6-9A4D-725EDB96123D}.Debug|Any CPU.ActiveCfg = Debug|Any CPU
		{0F03FA6E-2C65-4FC6-9A4D-725EDB96123D}.Debug|Any CPU.Build.0 = Debug|Any CPU
		{0F03FA6E-2C65-4FC6-9A4D-725EDB96123D}.Release|Any CPU.ActiveCfg = Release|Any CPU
		{0F03FA6E-2C65-4FC6-9A4D-725EDB96123D}.Release|Any CPU.Build.0 = Release|Any CPU
		{3DAEF717-86EC-42B3-BA80-EC70C3ED2CAA}.Debug|Any CPU.ActiveCfg = Debug|Any CPU
		{3DAEF717-86EC-42B3-BA80-EC70C3ED2CAA}.Debug|Any CPU.Build.0 = Debug|Any CPU
		{3DAEF717-86EC-42B3-BA80-EC70C3ED2CAA}.Release|Any CPU.ActiveCfg = Release|Any CPU
		{3DAEF717-86EC-42B3-BA80-EC70C3ED2CAA}.Release|Any CPU.Build.0 = Release|Any CPU
		{A4D8DDD9-5650-47FC-AEB1-F30681C061A8}.Debug|Any CPU.ActiveCfg = Debug|Any CPU
		{A4D8DDD9-5650-47FC-AEB1-F30681C061A8}.Debug|Any CPU.Build.0 = Debug|Any CPU
		{A4D8DDD9-5650-47FC-AEB1-F30681C061A8}.Release|Any CPU.ActiveCfg = Release|Any CPU
		{A4D8DDD9-5650-47FC-AEB1-F30681C061A8}.Release|Any CPU.Build.0 = Release|Any CPU
		{F12C36B1-6371-4A01-8A98-17A381E9E818}.Debug|Any CPU.ActiveCfg = Debug|Any CPU
		{F12C36B1-6371-4A01-8A98-17A381E9E818}.Debug|Any CPU.Build.0 = Debug|Any CPU
		{F12C36B1-6371-4A01-8A98-17A381E9E818}.Release|Any CPU.ActiveCfg = Release|Any CPU
		{F12C36B1-6371-4A01-8A98-17A381E9E818}.Release|Any CPU.Build.0 = Release|Any CPU
		{8061A527-F255-4774-BB65-919AD52C3FE4}.Debug|Any CPU.ActiveCfg = Debug|Any CPU
		{8061A527-F255-4774-BB65-919AD52C3FE4}.Debug|Any CPU.Build.0 = Debug|Any CPU
		{8061A527-F255-4774-BB65-919AD52C3FE4}.Release|Any CPU.ActiveCfg = Release|Any CPU
		{8061A527-F255-4774-BB65-919AD52C3FE4}.Release|Any CPU.Build.0 = Release|Any CPU
		{90562DD7-DE50-44BE-A424-F82D8E12661D}.Debug|Any CPU.ActiveCfg = Debug|Any CPU
		{90562DD7-DE50-44BE-A424-F82D8E12661D}.Debug|Any CPU.Build.0 = Debug|Any CPU
		{90562DD7-DE50-44BE-A424-F82D8E12661D}.Release|Any CPU.ActiveCfg = Release|Any CPU
		{90562DD7-DE50-44BE-A424-F82D8E12661D}.Release|Any CPU.Build.0 = Release|Any CPU
		{0F5D0420-E61C-41EC-BCCF-0A7395CEDBDC}.Debug|Any CPU.ActiveCfg = Debug|Any CPU
		{0F5D0420-E61C-41EC-BCCF-0A7395CEDBDC}.Debug|Any CPU.Build.0 = Debug|Any CPU
		{0F5D0420-E61C-41EC-BCCF-0A7395CEDBDC}.Release|Any CPU.ActiveCfg = Release|Any CPU
		{0F5D0420-E61C-41EC-BCCF-0A7395CEDBDC}.Release|Any CPU.Build.0 = Release|Any CPU
		{6AC561E1-AFDB-44CC-A08A-883F1499F434}.Debug|Any CPU.ActiveCfg = Debug|Any CPU
		{6AC561E1-AFDB-44CC-A08A-883F1499F434}.Debug|Any CPU.Build.0 = Debug|Any CPU
		{6AC561E1-AFDB-44CC-A08A-883F1499F434}.Release|Any CPU.ActiveCfg = Release|Any CPU
		{6AC561E1-AFDB-44CC-A08A-883F1499F434}.Release|Any CPU.Build.0 = Release|Any CPU
		{3DAEF717-86EC-42B3-BA80-EC70C3ED2CAA}.Debug|Any CPU.ActiveCfg = Debug|Any CPU
		{3DAEF717-86EC-42B3-BA80-EC70C3ED2CAA}.Debug|Any CPU.Build.0 = Debug|Any CPU
		{3DAEF717-86EC-42B3-BA80-EC70C3ED2CAA}.Release|Any CPU.ActiveCfg = Release|Any CPU
		{3DAEF717-86EC-42B3-BA80-EC70C3ED2CAA}.Release|Any CPU.Build.0 = Release|Any CPU
		{A4D8DDD9-5650-47FC-AEB1-F30681C061AA}.Debug|Any CPU.ActiveCfg = Debug|Any CPU
		{A4D8DDD9-5650-47FC-AEB1-F30681C061AA}.Debug|Any CPU.Build.0 = Debug|Any CPU
		{A4D8DDD9-5650-47FC-AEB1-F30681C061AA}.Release|Any CPU.ActiveCfg = Release|Any CPU
		{A4D8DDD9-5650-47FC-AEB1-F30681C061AA}.Release|Any CPU.Build.0 = Release|Any CPU
		{F12C36B1-6371-4A01-8A98-17A381E9E81A}.Debug|Any CPU.ActiveCfg = Debug|Any CPU
		{F12C36B1-6371-4A01-8A98-17A381E9E81A}.Debug|Any CPU.Build.0 = Debug|Any CPU
		{F12C36B1-6371-4A01-8A98-17A381E9E81A}.Release|Any CPU.ActiveCfg = Release|Any CPU
		{F12C36B1-6371-4A01-8A98-17A381E9E81A}.Release|Any CPU.Build.0 = Release|Any CPU
		{8061A527-F255-4774-BB65-919AD52C3FEA}.Debug|Any CPU.ActiveCfg = Debug|Any CPU
		{8061A527-F255-4774-BB65-919AD52C3FEA}.Debug|Any CPU.Build.0 = Debug|Any CPU
		{8061A527-F255-4774-BB65-919AD52C3FEA}.Release|Any CPU.ActiveCfg = Release|Any CPU
		{8061A527-F255-4774-BB65-919AD52C3FEA}.Release|Any CPU.Build.0 = Release|Any CPU
		{90562DD7-DE50-44BE-A424-F82D8E12661A}.Debug|Any CPU.ActiveCfg = Debug|Any CPU
		{90562DD7-DE50-44BE-A424-F82D8E12661A}.Debug|Any CPU.Build.0 = Debug|Any CPU
		{90562DD7-DE50-44BE-A424-F82D8E12661A}.Release|Any CPU.ActiveCfg = Release|Any CPU
		{90562DD7-DE50-44BE-A424-F82D8E12661A}.Release|Any CPU.Build.0 = Release|Any CPU
		{0F5D0420-E61C-41EC-BCCF-0A7395CEDBDA}.Debug|Any CPU.ActiveCfg = Debug|Any CPU
		{0F5D0420-E61C-41EC-BCCF-0A7395CEDBDA}.Debug|Any CPU.Build.0 = Debug|Any CPU
		{0F5D0420-E61C-41EC-BCCF-0A7395CEDBDA}.Release|Any CPU.ActiveCfg = Release|Any CPU
		{0F5D0420-E61C-41EC-BCCF-0A7395CEDBDA}.Release|Any CPU.Build.0 = Release|Any CPU
		{6AC561E1-AFDB-44CC-A08A-883F1499F43A}.Debug|Any CPU.ActiveCfg = Debug|Any CPU
		{6AC561E1-AFDB-44CC-A08A-883F1499F43A}.Debug|Any CPU.Build.0 = Debug|Any CPU
		{6AC561E1-AFDB-44CC-A08A-883F1499F43A}.Release|Any CPU.ActiveCfg = Release|Any CPU
		{6AC561E1-AFDB-44CC-A08A-883F1499F43A}.Release|Any CPU.Build.0 = Release|Any CPU
	EndGlobalSection
	GlobalSection(SolutionProperties) = preSolution
		HideSolutionNode = FALSE
	EndGlobalSection
	GlobalSection(NestedProjects) = preSolution
		{E2267D45-2BBC-401D-8188-402BC99AE67B} = {B22AD90C-B4C7-4BC3-BDC9-CDC77EEA3F2B}
		{74F84B3A-674A-49AF-9013-BF08DC42CF48} = {B22AD90C-B4C7-4BC3-BDC9-CDC77EEA3F2B}
		{5EED45C5-7342-4582-AB36-118DE923D695} = {B22AD90C-B4C7-4BC3-BDC9-CDC77EEA3F2B}
		{43AC2D64-480D-4A22-915B-60E10527E41B} = {B22AD90C-B4C7-4BC3-BDC9-CDC77EEA3F2B}
		{B973D187-9F57-4335-A948-4FD6D1F8E39A} = {B22AD90C-B4C7-4BC3-BDC9-CDC77EEA3F2B}
		{9490F322-772D-428F-8684-40FC2B8E33EB} = {B22AD90C-B4C7-4BC3-BDC9-CDC77EEA3F2B}
		{D9FFC8A4-E435-4BA9-8917-AC2049370794} = {B22AD90C-B4C7-4BC3-BDC9-CDC77EEA3F2B}
		{AC2C86AA-FB1B-4C8A-A9FE-6FDC79D12A9A} = {2D700DF0-4817-49D7-8281-61C6D1392887}
		{2D700DF0-4817-49D7-8281-61C6D1392887} = {00AC8B26-25FC-426F-8F27-1BE9061A886F}
		{23B271D9-7E7E-49AC-A250-6EE69FD58716} = {00AC8B26-25FC-426F-8F27-1BE9061A886F}
		{29413AEF-997B-47AD-95FC-D96BEB4BE775} = {23B271D9-7E7E-49AC-A250-6EE69FD58716}
		{3A444281-6117-4639-A5CA-7B0C56119F21} = {B22AD90C-B4C7-4BC3-BDC9-CDC77EEA3F2B}
		{0C09B89F-9628-4507-B859-C663C8BF9BAA} = {E2267D45-2BBC-401D-8188-402BC99AE67B}
		{046F34B2-4674-413C-968E-A4113060B22C} = {E2267D45-2BBC-401D-8188-402BC99AE67B}
		{C0863E3B-BB48-4541-A055-F1203F933963} = {E2267D45-2BBC-401D-8188-402BC99AE67B}
		{65EBDD66-E646-4BB6-A1CE-9E80F0857C94} = {E2267D45-2BBC-401D-8188-402BC99AE67B}
		{7423221F-5684-46A7-A21B-5C2E44FB35E6} = {E2267D45-2BBC-401D-8188-402BC99AE67B}
		{9C2B5F48-5E6B-46E4-943A-4FCAA6506E89} = {E2267D45-2BBC-401D-8188-402BC99AE67B}
		{7EC43A3A-B472-4680-A751-46E16F36B837} = {E2267D45-2BBC-401D-8188-402BC99AE67B}
		{3DAEF717-86EC-42B3-BA80-EC70C3ED2CAB} = {D9FFC8A4-E435-4BA9-8917-AC2049370794}
		{A4D8DDD9-5650-47FC-AEB1-F30681C061A9} = {D9FFC8A4-E435-4BA9-8917-AC2049370794}
		{F12C36B1-6371-4A01-8A98-17A381E9E819} = {D9FFC8A4-E435-4BA9-8917-AC2049370794}
		{8061A527-F255-4774-BB65-919AD52C3FE5} = {D9FFC8A4-E435-4BA9-8917-AC2049370794}
		{90562DD7-DE50-44BE-A424-F82D8E12661E} = {D9FFC8A4-E435-4BA9-8917-AC2049370794}
		{0F5D0420-E61C-41EC-BCCF-0A7395CEDBDB} = {D9FFC8A4-E435-4BA9-8917-AC2049370794}
		{5478953F-177B-45DA-B2DC-27B02BFC93E6} = {43AC2D64-480D-4A22-915B-60E10527E41B}
		{B02B6713-456B-4A8C-A8BD-BADA4F3EF17E} = {43AC2D64-480D-4A22-915B-60E10527E41B}
		{CDBBF7F4-D885-4FF6-9051-D3F9FB305331} = {43AC2D64-480D-4A22-915B-60E10527E41B}
		{51CB89BF-3669-4C7B-BA91-51F1F56F1153} = {43AC2D64-480D-4A22-915B-60E10527E41B}
		{61BE519F-47EA-4305-9FDD-CAF44E2B7455} = {43AC2D64-480D-4A22-915B-60E10527E41B}
		{84385AB0-CFED-4680-923F-0B6962AEC8F6} = {43AC2D64-480D-4A22-915B-60E10527E41B}
		{2F1A8626-3B80-4E87-9E1C-6F06B0A91E15} = {43AC2D64-480D-4A22-915B-60E10527E41B}
		{C4F11017-7412-445A-B244-0E904D06AEB6} = {74F84B3A-674A-49AF-9013-BF08DC42CF48}
		{54C98E4B-A1CE-433B-8C60-C0BB323B23D2} = {74F84B3A-674A-49AF-9013-BF08DC42CF48}
		{0F4B9696-A55F-428D-8923-833DC5769F47} = {74F84B3A-674A-49AF-9013-BF08DC42CF48}
		{37A4682C-212D-4C94-97DB-22D7833D5806} = {74F84B3A-674A-49AF-9013-BF08DC42CF48}
		{76A7DEDA-C1D2-4761-AF2A-F4C97269E3BB} = {74F84B3A-674A-49AF-9013-BF08DC42CF48}
		{E1F92111-4BA2-403E-B721-E8FE25FD99E2} = {74F84B3A-674A-49AF-9013-BF08DC42CF48}
		{81C593FB-6222-4376-AA1C-EEE7226DE8CF} = {74F84B3A-674A-49AF-9013-BF08DC42CF48}
		{AD71B8D7-0E02-4B02-ADBD-BCE44C86AB3B} = {3A444281-6117-4639-A5CA-7B0C56119F21}
		{153B2764-5FC1-44BD-B2FE-069E5FE808E2} = {3A444281-6117-4639-A5CA-7B0C56119F21}
		{AB705FD5-6D01-4940-BCAE-C91FD6E5C26C} = {3A444281-6117-4639-A5CA-7B0C56119F21}
		{36343342-DC46-44B7-9E75-C38148252829} = {3A444281-6117-4639-A5CA-7B0C56119F21}
		{C656933E-1DF0-4C62-A9FB-E971B8E20E89} = {3A444281-6117-4639-A5CA-7B0C56119F21}
		{714E5790-77A9-407B-8A7C-E43686EC84BF} = {3A444281-6117-4639-A5CA-7B0C56119F21}
		{3464D3A2-CC05-43BB-B1F8-09EC5D61CDE9} = {3A444281-6117-4639-A5CA-7B0C56119F21}
		{466FE188-9A67-41F3-A652-12933884C1BF} = {BB11568A-F065-4294-ACA2-E17CD8D268C5}
		{118D9E15-6451-45CC-AEA2-AA90D74203E1} = {466FE188-9A67-41F3-A652-12933884C1BF}
		{0A62080D-6393-4DA4-BA66-2DEC8D9C1BD5} = {00AC8B26-25FC-426F-8F27-1BE9061A886F}
		{7F4F4CAF-F061-4D7D-A376-7E3554E2ED4F} = {0A62080D-6393-4DA4-BA66-2DEC8D9C1BD5}
		{ED0C4BD0-3D0D-46EA-8ED7-7508026769A6} = {B22AD90C-B4C7-4BC3-BDC9-CDC77EEA3F2B}
		{ED31E3FA-30C1-4BA0-B808-3A0289EFF790} = {ED0C4BD0-3D0D-46EA-8ED7-7508026769A6}
		{639AE684-19D4-4CBB-A3A7-632CC93469F1} = {ED0C4BD0-3D0D-46EA-8ED7-7508026769A6}
		{DF285A31-ECE9-4378-8BCB-9169547D4A28} = {ED0C4BD0-3D0D-46EA-8ED7-7508026769A6}
		{C74806CC-B158-4692-A4BB-F025CFEC998A} = {ED0C4BD0-3D0D-46EA-8ED7-7508026769A6}
		{E9FA5804-A91C-4323-8CEE-796924D3C426} = {ED0C4BD0-3D0D-46EA-8ED7-7508026769A6}
		{7D8A7327-AA19-48F8-A278-DA8A6DDA5A5E} = {ED0C4BD0-3D0D-46EA-8ED7-7508026769A6}
		{5837FE82-1104-470E-8605-492CCF4A9BF9} = {466FE188-9A67-41F3-A652-12933884C1BF}
		{8A1987D5-3EAB-4DF5-BF6B-68F6209FCD68} = {B22AD90C-B4C7-4BC3-BDC9-CDC77EEA3F2B}
		{84763DF0-983A-44DD-863F-3BBB0B19478E} = {8A1987D5-3EAB-4DF5-BF6B-68F6209FCD68}
		{D3B0D6A8-1CB0-4648-AE0B-9B707DEDF01B} = {8A1987D5-3EAB-4DF5-BF6B-68F6209FCD68}
		{06726B34-5953-42E7-9120-DBCACCE4B8FC} = {8A1987D5-3EAB-4DF5-BF6B-68F6209FCD68}
		{E9D085B9-F3DD-46E1-82D5-38A4BB476471} = {8A1987D5-3EAB-4DF5-BF6B-68F6209FCD68}
		{8D7D05CC-586B-447B-978A-B268C615BA68} = {8A1987D5-3EAB-4DF5-BF6B-68F6209FCD68}
		{D04E8FAF-3C8D-4E3F-88C4-9279D5DDA4FC} = {B22AD90C-B4C7-4BC3-BDC9-CDC77EEA3F2B}
		{9BAA09E0-91BC-4181-A143-319D969290DD} = {D04E8FAF-3C8D-4E3F-88C4-9279D5DDA4FC}
		{0C79D060-E08D-4099-91B9-100930D5E7FB} = {D04E8FAF-3C8D-4E3F-88C4-9279D5DDA4FC}
		{8709C837-3742-4CE6-B97A-789CF4C2B5EB} = {D04E8FAF-3C8D-4E3F-88C4-9279D5DDA4FC}
		{1B430B0B-BEA4-4EED-8CF2-7EF8D18470EF} = {D04E8FAF-3C8D-4E3F-88C4-9279D5DDA4FC}
		{79ED697C-BE61-4EBD-9BF7-4B3485B3CBC6} = {D04E8FAF-3C8D-4E3F-88C4-9279D5DDA4FC}
		{F87685F7-CCD1-406C-BC39-8AF196B10E96} = {D04E8FAF-3C8D-4E3F-88C4-9279D5DDA4FC}
		{9C51B656-14A3-4172-93AE-29723113A0B9} = {B22AD90C-B4C7-4BC3-BDC9-CDC77EEA3F2B}
		{C508CFF1-C151-4699-9152-1B9DA7F2B3AE} = {9C51B656-14A3-4172-93AE-29723113A0B9}
		{EB2E9508-CE12-4D8F-A488-F71B028F7EBA} = {9C51B656-14A3-4172-93AE-29723113A0B9}
		{A2867DCF-4366-48B4-873F-0466282AB5EF} = {9C51B656-14A3-4172-93AE-29723113A0B9}
		{A00C3691-0685-4C9E-840A-9AD6DADD0BC1} = {9C51B656-14A3-4172-93AE-29723113A0B9}
		{A142F6A1-0144-4813-8B7A-31F69F527F7F} = {9C51B656-14A3-4172-93AE-29723113A0B9}
		{D03185C7-60BB-4581-9263-541D64964997} = {9C51B656-14A3-4172-93AE-29723113A0B9}
		{EB1469E0-3A8E-4FBF-BA6D-EBF7FB6E0C6F} = {9C51B656-14A3-4172-93AE-29723113A0B9}
		{50DBCDBE-9FB0-4AEC-B867-6C9E49074778} = {8A1987D5-3EAB-4DF5-BF6B-68F6209FCD68}
		{50E0B297-2EDB-4A66-8F1C-A6E74513DA89} = {8A1987D5-3EAB-4DF5-BF6B-68F6209FCD68}
		{86A1D5C0-E263-45D6-8FFB-6FEBC8A39D06} = {D04E8FAF-3C8D-4E3F-88C4-9279D5DDA4FC}
		{C02169D4-7B3C-4D6F-9893-2CB62DA2A99B} = {ED0C4BD0-3D0D-46EA-8ED7-7508026769A6}
		{6AC561E1-AFDB-44CC-A08A-883F1499F435} = {D9FFC8A4-E435-4BA9-8917-AC2049370794}
		{0D41F951-2572-4097-9EED-528A802EF11F} = {B22AD90C-B4C7-4BC3-BDC9-CDC77EEA3F2B}
		{B74B625F-8099-4E4D-BD14-AC98E7517FF5} = {0D41F951-2572-4097-9EED-528A802EF11F}
		{811D6808-7647-457E-AF82-B31CC5F83E3E} = {0D41F951-2572-4097-9EED-528A802EF11F}
		{863300D7-FC85-45AC-83FD-6D47FFC9E934} = {0D41F951-2572-4097-9EED-528A802EF11F}
		{07B1139D-A9F2-46BA-9346-631387A38281} = {0D41F951-2572-4097-9EED-528A802EF11F}
		{94A8ED2D-AF12-4C23-A03B-8C91F3410ECF} = {0D41F951-2572-4097-9EED-528A802EF11F}
		{49AE30A5-D5BE-45EE-8625-26E969BE7936} = {0D41F951-2572-4097-9EED-528A802EF11F}
		{0F03FA6E-2C65-4FC6-9A4D-725EDB96123D} = {0D41F951-2572-4097-9EED-528A802EF11F}
		{3DAEF717-86EC-42B3-BA80-EC70C3ED2CAA} = {D9FFC8A4-E435-4BA9-8917-AC2049370795}
		{A4D8DDD9-5650-47FC-AEB1-F30681C061A8} = {D9FFC8A4-E435-4BA9-8917-AC2049370795}
		{F12C36B1-6371-4A01-8A98-17A381E9E818} = {D9FFC8A4-E435-4BA9-8917-AC2049370795}
		{8061A527-F255-4774-BB65-919AD52C3FE4} = {D9FFC8A4-E435-4BA9-8917-AC2049370795}
		{90562DD7-DE50-44BE-A424-F82D8E12661D} = {D9FFC8A4-E435-4BA9-8917-AC2049370795}
		{0F5D0420-E61C-41EC-BCCF-0A7395CEDBDC} = {D9FFC8A4-E435-4BA9-8917-AC2049370795}
		{6AC561E1-AFDB-44CC-A08A-883F1499F434} = {D9FFC8A4-E435-4BA9-8917-AC2049370795}
		{D9FFC8A4-E435-4BA9-8917-AC204937079A} = {B22AD90C-B4C7-4BC3-BDC9-CDC77EEA3F2B}
		{3DAEF717-86EC-42B3-BA80-EC70C3ED2CAA} = {D9FFC8A4-E435-4BA9-8917-AC204937079A}
		{A4D8DDD9-5650-47FC-AEB1-F30681C061AA} = {D9FFC8A4-E435-4BA9-8917-AC204937079A}
		{F12C36B1-6371-4A01-8A98-17A381E9E81A} = {D9FFC8A4-E435-4BA9-8917-AC204937079A}
		{8061A527-F255-4774-BB65-919AD52C3FEA} = {D9FFC8A4-E435-4BA9-8917-AC204937079A}
		{90562DD7-DE50-44BE-A424-F82D8E12661A} = {D9FFC8A4-E435-4BA9-8917-AC204937079A}
		{0F5D0420-E61C-41EC-BCCF-0A7395CEDBDA} = {D9FFC8A4-E435-4BA9-8917-AC204937079A}
		{6AC561E1-AFDB-44CC-A08A-883F1499F43A} = {D9FFC8A4-E435-4BA9-8917-AC204937079A}
	EndGlobalSection
	GlobalSection(ExtensibilityGlobals) = postSolution
		SolutionGuid = {784A878A-A303-40C5-B0B0-B522D8AC96F2}
	EndGlobalSection
EndGlobal
